
Microsoft Visual Studio Solution File, Format Version 12.00
# Visual Studio Version 17
VisualStudioVersion = 17.14.36511.14 d17.14
MinimumVisualStudioVersion = 10.0.40219.1
Project("{FAE04EC0-301F-11D3-BF4B-00C04F79EFBC}") = "Lab3", "Lab3\Lab3.csproj", "{47B7A5A9-9B24-4DE0-864F-4096EDC18199}"
EndProject
Global
	GlobalSection(SolutionConfigurationPlatforms) = preSolution
		Debug|Any CPU = Debug|Any CPU
		Release|Any CPU = Release|Any CPU
	EndGlobalSection
	GlobalSection(ProjectConfigurationPlatforms) = postSolution
		{47B7A5A9-9B24-4DE0-864F-4096EDC18199}.Debug|Any CPU.ActiveCfg = Debug|Any CPU
		{47B7A5A9-9B24-4DE0-864F-4096EDC18199}.Debug|Any CPU.Build.0 = Debug|Any CPU
		{47B7A5A9-9B24-4DE0-864F-4096EDC18199}.Release|Any CPU.ActiveCfg = Release|Any CPU
		{47B7A5A9-9B24-4DE0-864F-4096EDC18199}.Release|Any CPU.Build.0 = Release|Any CPU
	EndGlobalSection
	GlobalSection(SolutionProperties) = preSolution
		HideSolutionNode = FALSE
	EndGlobalSection
	GlobalSection(ExtensibilityGlobals) = postSolution
		SolutionGuid = {0576DDBB-6955-4384-BC25-23D5C6B401BE}
	EndGlobalSection
EndGlobal
